
Microsoft Visual Studio Solution File, Format Version 12.00
# Visual Studio Version 16
VisualStudioVersion = 16.0.30114.105
MinimumVisualStudioVersion = 10.0.40219.1
Project("{2150E333-8FDC-42A3-9474-1A3956D46DE8}") = "src", "src", "{421A1E0C-F35A-4AF3-A45E-3D69667829A2}"
EndProject
Project("{FAE04EC0-301F-11D3-BF4B-00C04F79EFBC}") = "Identity.API", "src\Identity.API\Identity.API.csproj", "{A3961D4D-78AB-4319-8E55-AE51FD16E306}"
EndProject
Project("{2150E333-8FDC-42A3-9474-1A3956D46DE8}") = "Examination", "Examination", "{650C4C3A-A62A-4AD1-AAB9-085A2CBEF48D}"
EndProject
Project("{FAE04EC0-301F-11D3-BF4B-00C04F79EFBC}") = "Examination.API", "src\Examination\Examination.API\Examination.API.csproj", "{2BA120AE-FF1E-4ADF-93A2-25C839A636CC}"
EndProject
Project("{FAE04EC0-301F-11D3-BF4B-00C04F79EFBC}") = "Examination.Application", "src\Examination\Examination.Application\Examination.Application.csproj", "{ADDAF0ED-B838-4FEC-9B23-C9B143FFD2BC}"
EndProject
Project("{FAE04EC0-301F-11D3-BF4B-00C04F79EFBC}") = "Examination.Domain", "src\Examination\Examination.Domain\Examination.Domain.csproj", "{BE6C416B-0772-4A15-8C09-8D92E72B06CA}"
EndProject
Project("{FAE04EC0-301F-11D3-BF4B-00C04F79EFBC}") = "Examination.Infrastructure", "src\Examination\Examination.Infrastructure\Examination.Infrastructure.csproj", "{A40558FC-22F2-4703-9B04-C28403F3CB1F}"
EndProject
Project("{2150E333-8FDC-42A3-9474-1A3956D46DE8}") = "tests", "tests", "{C55CBDBE-9E0F-4D34-BB18-7FCBBCBFF113}"
EndProject
Project("{2150E333-8FDC-42A3-9474-1A3956D46DE8}") = "Examination", "Examination", "{9F55CA85-1F44-4969-A02E-EB3993B085DD}"
EndProject
Project("{FAE04EC0-301F-11D3-BF4B-00C04F79EFBC}") = "Examination.Infrastructure", "tests\Examination\Examination.Infrastructure\Examination.Infrastructure.csproj", "{0FD2261B-E618-4694-BB0C-1BD48C0C62BC}"
EndProject
Project("{FAE04EC0-301F-11D3-BF4B-00C04F79EFBC}") = "Examination.Domain", "tests\Examination\Examination.Domain\Examination.Domain.csproj", "{102AB437-19AE-4338-828D-21EDDED5B826}"
EndProject
Project("{2150E333-8FDC-42A3-9474-1A3956D46DE8}") = "Identity.API", "Identity.API", "{5BAFBDAD-D4FB-4AC8-9660-6F692CA49225}"
EndProject
Project("{FAE04EC0-301F-11D3-BF4B-00C04F79EFBC}") = "IntegrationTests", "tests\Identity.API\Identity.API.IntegrationTests\IntegrationTests.csproj", "{A41844CC-F3FE-4577-848D-E7D1F2DB8854}"
EndProject
Global
	GlobalSection(SolutionConfigurationPlatforms) = preSolution
		Debug|Any CPU = Debug|Any CPU
		Debug|x64 = Debug|x64
		Debug|x86 = Debug|x86
		Release|Any CPU = Release|Any CPU
		Release|x64 = Release|x64
		Release|x86 = Release|x86
	EndGlobalSection
	GlobalSection(SolutionProperties) = preSolution
		HideSolutionNode = FALSE
	EndGlobalSection
	GlobalSection(ProjectConfigurationPlatforms) = postSolution
		{A3961D4D-78AB-4319-8E55-AE51FD16E306}.Debug|Any CPU.ActiveCfg = Debug|Any CPU
		{A3961D4D-78AB-4319-8E55-AE51FD16E306}.Debug|Any CPU.Build.0 = Debug|Any CPU
		{A3961D4D-78AB-4319-8E55-AE51FD16E306}.Debug|x64.ActiveCfg = Debug|Any CPU
		{A3961D4D-78AB-4319-8E55-AE51FD16E306}.Debug|x64.Build.0 = Debug|Any CPU
		{A3961D4D-78AB-4319-8E55-AE51FD16E306}.Debug|x86.ActiveCfg = Debug|Any CPU
		{A3961D4D-78AB-4319-8E55-AE51FD16E306}.Debug|x86.Build.0 = Debug|Any CPU
		{A3961D4D-78AB-4319-8E55-AE51FD16E306}.Release|Any CPU.ActiveCfg = Release|Any CPU
		{A3961D4D-78AB-4319-8E55-AE51FD16E306}.Release|Any CPU.Build.0 = Release|Any CPU
		{A3961D4D-78AB-4319-8E55-AE51FD16E306}.Release|x64.ActiveCfg = Release|Any CPU
		{A3961D4D-78AB-4319-8E55-AE51FD16E306}.Release|x64.Build.0 = Release|Any CPU
		{A3961D4D-78AB-4319-8E55-AE51FD16E306}.Release|x86.ActiveCfg = Release|Any CPU
		{A3961D4D-78AB-4319-8E55-AE51FD16E306}.Release|x86.Build.0 = Release|Any CPU
		{2BA120AE-FF1E-4ADF-93A2-25C839A636CC}.Debug|Any CPU.ActiveCfg = Debug|Any CPU
		{2BA120AE-FF1E-4ADF-93A2-25C839A636CC}.Debug|Any CPU.Build.0 = Debug|Any CPU
		{2BA120AE-FF1E-4ADF-93A2-25C839A636CC}.Debug|x64.ActiveCfg = Debug|Any CPU
		{2BA120AE-FF1E-4ADF-93A2-25C839A636CC}.Debug|x64.Build.0 = Debug|Any CPU
		{2BA120AE-FF1E-4ADF-93A2-25C839A636CC}.Debug|x86.ActiveCfg = Debug|Any CPU
		{2BA120AE-FF1E-4ADF-93A2-25C839A636CC}.Debug|x86.Build.0 = Debug|Any CPU
		{2BA120AE-FF1E-4ADF-93A2-25C839A636CC}.Release|Any CPU.ActiveCfg = Release|Any CPU
		{2BA120AE-FF1E-4ADF-93A2-25C839A636CC}.Release|Any CPU.Build.0 = Release|Any CPU
		{2BA120AE-FF1E-4ADF-93A2-25C839A636CC}.Release|x64.ActiveCfg = Release|Any CPU
		{2BA120AE-FF1E-4ADF-93A2-25C839A636CC}.Release|x64.Build.0 = Release|Any CPU
		{2BA120AE-FF1E-4ADF-93A2-25C839A636CC}.Release|x86.ActiveCfg = Release|Any CPU
		{2BA120AE-FF1E-4ADF-93A2-25C839A636CC}.Release|x86.Build.0 = Release|Any CPU
		{ADDAF0ED-B838-4FEC-9B23-C9B143FFD2BC}.Debug|Any CPU.ActiveCfg = Debug|Any CPU
		{ADDAF0ED-B838-4FEC-9B23-C9B143FFD2BC}.Debug|Any CPU.Build.0 = Debug|Any CPU
		{ADDAF0ED-B838-4FEC-9B23-C9B143FFD2BC}.Debug|x64.ActiveCfg = Debug|Any CPU
		{ADDAF0ED-B838-4FEC-9B23-C9B143FFD2BC}.Debug|x64.Build.0 = Debug|Any CPU
		{ADDAF0ED-B838-4FEC-9B23-C9B143FFD2BC}.Debug|x86.ActiveCfg = Debug|Any CPU
		{ADDAF0ED-B838-4FEC-9B23-C9B143FFD2BC}.Debug|x86.Build.0 = Debug|Any CPU
		{ADDAF0ED-B838-4FEC-9B23-C9B143FFD2BC}.Release|Any CPU.ActiveCfg = Release|Any CPU
		{ADDAF0ED-B838-4FEC-9B23-C9B143FFD2BC}.Release|Any CPU.Build.0 = Release|Any CPU
		{ADDAF0ED-B838-4FEC-9B23-C9B143FFD2BC}.Release|x64.ActiveCfg = Release|Any CPU
		{ADDAF0ED-B838-4FEC-9B23-C9B143FFD2BC}.Release|x64.Build.0 = Release|Any CPU
		{ADDAF0ED-B838-4FEC-9B23-C9B143FFD2BC}.Release|x86.ActiveCfg = Release|Any CPU
		{ADDAF0ED-B838-4FEC-9B23-C9B143FFD2BC}.Release|x86.Build.0 = Release|Any CPU
		{BE6C416B-0772-4A15-8C09-8D92E72B06CA}.Debug|Any CPU.ActiveCfg = Debug|Any CPU
		{BE6C416B-0772-4A15-8C09-8D92E72B06CA}.Debug|Any CPU.Build.0 = Debug|Any CPU
		{BE6C416B-0772-4A15-8C09-8D92E72B06CA}.Debug|x64.ActiveCfg = Debug|Any CPU
		{BE6C416B-0772-4A15-8C09-8D92E72B06CA}.Debug|x64.Build.0 = Debug|Any CPU
		{BE6C416B-0772-4A15-8C09-8D92E72B06CA}.Debug|x86.ActiveCfg = Debug|Any CPU
		{BE6C416B-0772-4A15-8C09-8D92E72B06CA}.Debug|x86.Build.0 = Debug|Any CPU
		{BE6C416B-0772-4A15-8C09-8D92E72B06CA}.Release|Any CPU.ActiveCfg = Release|Any CPU
		{BE6C416B-0772-4A15-8C09-8D92E72B06CA}.Release|Any CPU.Build.0 = Release|Any CPU
		{BE6C416B-0772-4A15-8C09-8D92E72B06CA}.Release|x64.ActiveCfg = Release|Any CPU
		{BE6C416B-0772-4A15-8C09-8D92E72B06CA}.Release|x64.Build.0 = Release|Any CPU
		{BE6C416B-0772-4A15-8C09-8D92E72B06CA}.Release|x86.ActiveCfg = Release|Any CPU
		{BE6C416B-0772-4A15-8C09-8D92E72B06CA}.Release|x86.Build.0 = Release|Any CPU
		{A40558FC-22F2-4703-9B04-C28403F3CB1F}.Debug|Any CPU.ActiveCfg = Debug|Any CPU
		{A40558FC-22F2-4703-9B04-C28403F3CB1F}.Debug|Any CPU.Build.0 = Debug|Any CPU
		{A40558FC-22F2-4703-9B04-C28403F3CB1F}.Debug|x64.ActiveCfg = Debug|Any CPU
		{A40558FC-22F2-4703-9B04-C28403F3CB1F}.Debug|x64.Build.0 = Debug|Any CPU
		{A40558FC-22F2-4703-9B04-C28403F3CB1F}.Debug|x86.ActiveCfg = Debug|Any CPU
		{A40558FC-22F2-4703-9B04-C28403F3CB1F}.Debug|x86.Build.0 = Debug|Any CPU
		{A40558FC-22F2-4703-9B04-C28403F3CB1F}.Release|Any CPU.ActiveCfg = Release|Any CPU
		{A40558FC-22F2-4703-9B04-C28403F3CB1F}.Release|Any CPU.Build.0 = Release|Any CPU
		{A40558FC-22F2-4703-9B04-C28403F3CB1F}.Release|x64.ActiveCfg = Release|Any CPU
		{A40558FC-22F2-4703-9B04-C28403F3CB1F}.Release|x64.Build.0 = Release|Any CPU
		{A40558FC-22F2-4703-9B04-C28403F3CB1F}.Release|x86.ActiveCfg = Release|Any CPU
		{A40558FC-22F2-4703-9B04-C28403F3CB1F}.Release|x86.Build.0 = Release|Any CPU
		{0FD2261B-E618-4694-BB0C-1BD48C0C62BC}.Debug|Any CPU.ActiveCfg = Debug|Any CPU
		{0FD2261B-E618-4694-BB0C-1BD48C0C62BC}.Debug|Any CPU.Build.0 = Debug|Any CPU
		{0FD2261B-E618-4694-BB0C-1BD48C0C62BC}.Debug|x64.ActiveCfg = Debug|Any CPU
		{0FD2261B-E618-4694-BB0C-1BD48C0C62BC}.Debug|x64.Build.0 = Debug|Any CPU
		{0FD2261B-E618-4694-BB0C-1BD48C0C62BC}.Debug|x86.ActiveCfg = Debug|Any CPU
		{0FD2261B-E618-4694-BB0C-1BD48C0C62BC}.Debug|x86.Build.0 = Debug|Any CPU
		{0FD2261B-E618-4694-BB0C-1BD48C0C62BC}.Release|Any CPU.ActiveCfg = Release|Any CPU
		{0FD2261B-E618-4694-BB0C-1BD48C0C62BC}.Release|Any CPU.Build.0 = Release|Any CPU
		{0FD2261B-E618-4694-BB0C-1BD48C0C62BC}.Release|x64.ActiveCfg = Release|Any CPU
		{0FD2261B-E618-4694-BB0C-1BD48C0C62BC}.Release|x64.Build.0 = Release|Any CPU
		{0FD2261B-E618-4694-BB0C-1BD48C0C62BC}.Release|x86.ActiveCfg = Release|Any CPU
		{0FD2261B-E618-4694-BB0C-1BD48C0C62BC}.Release|x86.Build.0 = Release|Any CPU
		{102AB437-19AE-4338-828D-21EDDED5B826}.Debug|Any CPU.ActiveCfg = Debug|Any CPU
		{102AB437-19AE-4338-828D-21EDDED5B826}.Debug|Any CPU.Build.0 = Debug|Any CPU
		{102AB437-19AE-4338-828D-21EDDED5B826}.Debug|x64.ActiveCfg = Debug|Any CPU
		{102AB437-19AE-4338-828D-21EDDED5B826}.Debug|x64.Build.0 = Debug|Any CPU
		{102AB437-19AE-4338-828D-21EDDED5B826}.Debug|x86.ActiveCfg = Debug|Any CPU
		{102AB437-19AE-4338-828D-21EDDED5B826}.Debug|x86.Build.0 = Debug|Any CPU
		{102AB437-19AE-4338-828D-21EDDED5B826}.Release|Any CPU.ActiveCfg = Release|Any CPU
		{102AB437-19AE-4338-828D-21EDDED5B826}.Release|Any CPU.Build.0 = Release|Any CPU
		{102AB437-19AE-4338-828D-21EDDED5B826}.Release|x64.ActiveCfg = Release|Any CPU
		{102AB437-19AE-4338-828D-21EDDED5B826}.Release|x64.Build.0 = Release|Any CPU
		{102AB437-19AE-4338-828D-21EDDED5B826}.Release|x86.ActiveCfg = Release|Any CPU
		{102AB437-19AE-4338-828D-21EDDED5B826}.Release|x86.Build.0 = Release|Any CPU
		{A41844CC-F3FE-4577-848D-E7D1F2DB8854}.Debug|Any CPU.ActiveCfg = Debug|Any CPU
		{A41844CC-F3FE-4577-848D-E7D1F2DB8854}.Debug|Any CPU.Build.0 = Debug|Any CPU
		{A41844CC-F3FE-4577-848D-E7D1F2DB8854}.Debug|x64.ActiveCfg = Debug|Any CPU
		{A41844CC-F3FE-4577-848D-E7D1F2DB8854}.Debug|x64.Build.0 = Debug|Any CPU
		{A41844CC-F3FE-4577-848D-E7D1F2DB8854}.Debug|x86.ActiveCfg = Debug|Any CPU
		{A41844CC-F3FE-4577-848D-E7D1F2DB8854}.Debug|x86.Build.0 = Debug|Any CPU
		{A41844CC-F3FE-4577-848D-E7D1F2DB8854}.Release|Any CPU.ActiveCfg = Release|Any CPU
		{A41844CC-F3FE-4577-848D-E7D1F2DB8854}.Release|Any CPU.Build.0 = Release|Any CPU
		{A41844CC-F3FE-4577-848D-E7D1F2DB8854}.Release|x64.ActiveCfg = Release|Any CPU
		{A41844CC-F3FE-4577-848D-E7D1F2DB8854}.Release|x64.Build.0 = Release|Any CPU
		{A41844CC-F3FE-4577-848D-E7D1F2DB8854}.Release|x86.ActiveCfg = Release|Any CPU
		{A41844CC-F3FE-4577-848D-E7D1F2DB8854}.Release|x86.Build.0 = Release|Any CPU
	EndGlobalSection
	GlobalSection(NestedProjects) = preSolution
		{A3961D4D-78AB-4319-8E55-AE51FD16E306} = {421A1E0C-F35A-4AF3-A45E-3D69667829A2}
		{650C4C3A-A62A-4AD1-AAB9-085A2CBEF48D} = {421A1E0C-F35A-4AF3-A45E-3D69667829A2}
		{2BA120AE-FF1E-4ADF-93A2-25C839A636CC} = {650C4C3A-A62A-4AD1-AAB9-085A2CBEF48D}
		{ADDAF0ED-B838-4FEC-9B23-C9B143FFD2BC} = {650C4C3A-A62A-4AD1-AAB9-085A2CBEF48D}
		{BE6C416B-0772-4A15-8C09-8D92E72B06CA} = {650C4C3A-A62A-4AD1-AAB9-085A2CBEF48D}
		{A40558FC-22F2-4703-9B04-C28403F3CB1F} = {650C4C3A-A62A-4AD1-AAB9-085A2CBEF48D}
		{9F55CA85-1F44-4969-A02E-EB3993B085DD} = {C55CBDBE-9E0F-4D34-BB18-7FCBBCBFF113}
		{0FD2261B-E618-4694-BB0C-1BD48C0C62BC} = {9F55CA85-1F44-4969-A02E-EB3993B085DD}
		{102AB437-19AE-4338-828D-21EDDED5B826} = {9F55CA85-1F44-4969-A02E-EB3993B085DD}
		{5BAFBDAD-D4FB-4AC8-9660-6F692CA49225} = {C55CBDBE-9E0F-4D34-BB18-7FCBBCBFF113}
		{A41844CC-F3FE-4577-848D-E7D1F2DB8854} = {5BAFBDAD-D4FB-4AC8-9660-6F692CA49225}
	EndGlobalSection
EndGlobal
